
Microsoft Visual Studio Solution File, Format Version 12.00
# Visual Studio 2013
VisualStudioVersion = 12.0.31101.0
MinimumVisualStudioVersion = 10.0.40219.1
Project("{FAE04EC0-301F-11D3-BF4B-00C04F79EFBC}") = "CabPacker", "CabPacker\CabPacker.csproj", "{CC14ECAD-1D8F-4AFF-BAC0-0AAB7562806A}"
EndProject
Project("{2150E333-8FDC-42A3-9474-1A3956D46DE8}") = "Assemblies", "Assemblies", "{24708C3F-3019-4D78-9BF0-698E6C8523C6}"
	ProjectSection(SolutionItems) = preProject
		Assemblies\Microsoft.Deployment.Compression.Cab.dll = Assemblies\Microsoft.Deployment.Compression.Cab.dll
		Assemblies\Microsoft.Deployment.Compression.dll = Assemblies\Microsoft.Deployment.Compression.dll
	EndProjectSection
EndProject
Global
	GlobalSection(SolutionConfigurationPlatforms) = preSolution
		Debug|Any CPU = Debug|Any CPU
		Release|Any CPU = Release|Any CPU
	EndGlobalSection
	GlobalSection(ProjectConfigurationPlatforms) = postSolution
		{CC14ECAD-1D8F-4AFF-BAC0-0AAB7562806A}.Debug|Any CPU.ActiveCfg = Debug|Any CPU
		{CC14ECAD-1D8F-4AFF-BAC0-0AAB7562806A}.Debug|Any CPU.Build.0 = Debug|Any CPU
		{CC14ECAD-1D8F-4AFF-BAC0-0AAB7562806A}.Release|Any CPU.ActiveCfg = Release|Any CPU
		{CC14ECAD-1D8F-4AFF-BAC0-0AAB7562806A}.Release|Any CPU.Build.0 = Release|Any CPU
	EndGlobalSection
	GlobalSection(SolutionProperties) = preSolution
		HideSolutionNode = FALSE
	EndGlobalSection
EndGlobal
